
Microsoft Visual Studio Solution File, Format Version 12.00
# Visual Studio 2013
VisualStudioVersion = 12.0.31101.0
MinimumVisualStudioVersion = 10.0.40219.1
Project("{FAE04EC0-301F-11D3-BF4B-00C04F79EFBC}") = "XamarinPluginTestHarness", "XamarinPluginTestHarness\XamarinPluginTestHarness\XamarinPluginTestHarness.csproj", "{A44DEAD7-C540-4BF0-94BD-4EC859DE53CF}"
EndProject
Project("{FAE04EC0-301F-11D3-BF4B-00C04F79EFBC}") = "XamarinPluginTestHarness.iOS", "XamarinPluginTestHarness\XamarinPluginTestHarness.iOS\XamarinPluginTestHarness.iOS.csproj", "{762C5EC0-7B07-4A3A-AC76-4283E86B17D8}"
EndProject
Project("{FAE04EC0-301F-11D3-BF4B-00C04F79EFBC}") = "XamarinPluginTestHarness.Android", "XamarinPluginTestHarness\XamarinPluginTestHarness.Android\XamarinPluginTestHarness.Android.csproj", "{B05DCDEA-033F-42B7-9A23-BD5A7B7256BF}"
EndProject
Project("{FAE04EC0-301F-11D3-BF4B-00C04F79EFBC}") = "XamarinPluginTestHarness.WinPhone", "XamarinPluginTestHarness\XamarinPluginTestHarness.WinPhone\XamarinPluginTestHarness.WinPhone.csproj", "{7BCC2D05-FD1F-4154-8479-8EBA7ACDAE37}"
EndProject
Project("{2150E333-8FDC-42A3-9474-1A3956D46DE8}") = ".nuget", ".nuget", "{41411C1B-7996-481C-9DAC-4D0ECC13568E}"
	ProjectSection(SolutionItems) = preProject
		.nuget\NuGet.Config = .nuget\NuGet.Config
		.nuget\NuGet.exe = .nuget\NuGet.exe
		.nuget\NuGet.targets = .nuget\NuGet.targets
	EndProjectSection
EndProject
Global
	GlobalSection(SolutionConfigurationPlatforms) = preSolution
		Ad-Hoc|Any CPU = Ad-Hoc|Any CPU
		Ad-Hoc|ARM = Ad-Hoc|ARM
		Ad-Hoc|iPhone = Ad-Hoc|iPhone
		Ad-Hoc|iPhoneSimulator = Ad-Hoc|iPhoneSimulator
		Ad-Hoc|Mixed Platforms = Ad-Hoc|Mixed Platforms
		Ad-Hoc|x86 = Ad-Hoc|x86
		AppStore|Any CPU = AppStore|Any CPU
		AppStore|ARM = AppStore|ARM
		AppStore|iPhone = AppStore|iPhone
		AppStore|iPhoneSimulator = AppStore|iPhoneSimulator
		AppStore|Mixed Platforms = AppStore|Mixed Platforms
		AppStore|x86 = AppStore|x86
		Debug|Any CPU = Debug|Any CPU
		Debug|ARM = Debug|ARM
		Debug|iPhone = Debug|iPhone
		Debug|iPhoneSimulator = Debug|iPhoneSimulator
		Debug|Mixed Platforms = Debug|Mixed Platforms
		Debug|x86 = Debug|x86
		Release|Any CPU = Release|Any CPU
		Release|ARM = Release|ARM
		Release|iPhone = Release|iPhone
		Release|iPhoneSimulator = Release|iPhoneSimulator
		Release|Mixed Platforms = Release|Mixed Platforms
		Release|x86 = Release|x86
	EndGlobalSection
	GlobalSection(ProjectConfigurationPlatforms) = postSolution
		{A44DEAD7-C540-4BF0-94BD-4EC859DE53CF}.Ad-Hoc|Any CPU.ActiveCfg = Release|Any CPU
		{A44DEAD7-C540-4BF0-94BD-4EC859DE53CF}.Ad-Hoc|Any CPU.Build.0 = Release|Any CPU
		{A44DEAD7-C540-4BF0-94BD-4EC859DE53CF}.Ad-Hoc|ARM.ActiveCfg = Release|Any CPU
		{A44DEAD7-C540-4BF0-94BD-4EC859DE53CF}.Ad-Hoc|iPhone.ActiveCfg = Release|Any CPU
		{A44DEAD7-C540-4BF0-94BD-4EC859DE53CF}.Ad-Hoc|iPhoneSimulator.ActiveCfg = Release|Any CPU
		{A44DEAD7-C540-4BF0-94BD-4EC859DE53CF}.Ad-Hoc|Mixed Platforms.ActiveCfg = Release|Any CPU
		{A44DEAD7-C540-4BF0-94BD-4EC859DE53CF}.Ad-Hoc|Mixed Platforms.Build.0 = Release|Any CPU
		{A44DEAD7-C540-4BF0-94BD-4EC859DE53CF}.Ad-Hoc|x86.ActiveCfg = Release|Any CPU
		{A44DEAD7-C540-4BF0-94BD-4EC859DE53CF}.AppStore|Any CPU.ActiveCfg = Release|Any CPU
		{A44DEAD7-C540-4BF0-94BD-4EC859DE53CF}.AppStore|Any CPU.Build.0 = Release|Any CPU
		{A44DEAD7-C540-4BF0-94BD-4EC859DE53CF}.AppStore|ARM.ActiveCfg = Release|Any CPU
		{A44DEAD7-C540-4BF0-94BD-4EC859DE53CF}.AppStore|iPhone.ActiveCfg = Release|Any CPU
		{A44DEAD7-C540-4BF0-94BD-4EC859DE53CF}.AppStore|iPhoneSimulator.ActiveCfg = Release|Any CPU
		{A44DEAD7-C540-4BF0-94BD-4EC859DE53CF}.AppStore|Mixed Platforms.ActiveCfg = Release|Any CPU
		{A44DEAD7-C540-4BF0-94BD-4EC859DE53CF}.AppStore|Mixed Platforms.Build.0 = Release|Any CPU
		{A44DEAD7-C540-4BF0-94BD-4EC859DE53CF}.AppStore|x86.ActiveCfg = Release|Any CPU
		{A44DEAD7-C540-4BF0-94BD-4EC859DE53CF}.Debug|Any CPU.ActiveCfg = Debug|Any CPU
		{A44DEAD7-C540-4BF0-94BD-4EC859DE53CF}.Debug|Any CPU.Build.0 = Debug|Any CPU
		{A44DEAD7-C540-4BF0-94BD-4EC859DE53CF}.Debug|ARM.ActiveCfg = Debug|Any CPU
		{A44DEAD7-C540-4BF0-94BD-4EC859DE53CF}.Debug|ARM.Build.0 = Debug|Any CPU
		{A44DEAD7-C540-4BF0-94BD-4EC859DE53CF}.Debug|iPhone.ActiveCfg = Debug|Any CPU
		{A44DEAD7-C540-4BF0-94BD-4EC859DE53CF}.Debug|iPhone.Build.0 = Debug|Any CPU
		{A44DEAD7-C540-4BF0-94BD-4EC859DE53CF}.Debug|iPhoneSimulator.ActiveCfg = Debug|Any CPU
		{A44DEAD7-C540-4BF0-94BD-4EC859DE53CF}.Debug|Mixed Platforms.ActiveCfg = Debug|Any CPU
		{A44DEAD7-C540-4BF0-94BD-4EC859DE53CF}.Debug|Mixed Platforms.Build.0 = Debug|Any CPU
		{A44DEAD7-C540-4BF0-94BD-4EC859DE53CF}.Debug|x86.ActiveCfg = Debug|Any CPU
		{A44DEAD7-C540-4BF0-94BD-4EC859DE53CF}.Release|Any CPU.ActiveCfg = Release|Any CPU
		{A44DEAD7-C540-4BF0-94BD-4EC859DE53CF}.Release|Any CPU.Build.0 = Release|Any CPU
		{A44DEAD7-C540-4BF0-94BD-4EC859DE53CF}.Release|ARM.ActiveCfg = Release|Any CPU
		{A44DEAD7-C540-4BF0-94BD-4EC859DE53CF}.Release|iPhone.ActiveCfg = Release|Any CPU
		{A44DEAD7-C540-4BF0-94BD-4EC859DE53CF}.Release|iPhoneSimulator.ActiveCfg = Release|Any CPU
		{A44DEAD7-C540-4BF0-94BD-4EC859DE53CF}.Release|Mixed Platforms.ActiveCfg = Release|Any CPU
		{A44DEAD7-C540-4BF0-94BD-4EC859DE53CF}.Release|Mixed Platforms.Build.0 = Release|Any CPU
		{A44DEAD7-C540-4BF0-94BD-4EC859DE53CF}.Release|x86.ActiveCfg = Release|Any CPU
		{762C5EC0-7B07-4A3A-AC76-4283E86B17D8}.Ad-Hoc|Any CPU.ActiveCfg = Ad-Hoc|iPhone
		{762C5EC0-7B07-4A3A-AC76-4283E86B17D8}.Ad-Hoc|ARM.ActiveCfg = Ad-Hoc|iPhone
		{762C5EC0-7B07-4A3A-AC76-4283E86B17D8}.Ad-Hoc|iPhone.ActiveCfg = Ad-Hoc|iPhone
		{762C5EC0-7B07-4A3A-AC76-4283E86B17D8}.Ad-Hoc|iPhone.Build.0 = Ad-Hoc|iPhone
		{762C5EC0-7B07-4A3A-AC76-4283E86B17D8}.Ad-Hoc|iPhoneSimulator.ActiveCfg = Ad-Hoc|iPhoneSimulator
		{762C5EC0-7B07-4A3A-AC76-4283E86B17D8}.Ad-Hoc|iPhoneSimulator.Build.0 = Ad-Hoc|iPhoneSimulator
		{762C5EC0-7B07-4A3A-AC76-4283E86B17D8}.Ad-Hoc|Mixed Platforms.ActiveCfg = Ad-Hoc|iPhone
		{762C5EC0-7B07-4A3A-AC76-4283E86B17D8}.Ad-Hoc|Mixed Platforms.Build.0 = Ad-Hoc|iPhone
		{762C5EC0-7B07-4A3A-AC76-4283E86B17D8}.Ad-Hoc|x86.ActiveCfg = Ad-Hoc|iPhone
		{762C5EC0-7B07-4A3A-AC76-4283E86B17D8}.AppStore|Any CPU.ActiveCfg = AppStore|iPhone
		{762C5EC0-7B07-4A3A-AC76-4283E86B17D8}.AppStore|ARM.ActiveCfg = AppStore|iPhone
		{762C5EC0-7B07-4A3A-AC76-4283E86B17D8}.AppStore|iPhone.ActiveCfg = AppStore|iPhone
		{762C5EC0-7B07-4A3A-AC76-4283E86B17D8}.AppStore|iPhone.Build.0 = AppStore|iPhone
		{762C5EC0-7B07-4A3A-AC76-4283E86B17D8}.AppStore|iPhoneSimulator.ActiveCfg = AppStore|iPhoneSimulator
		{762C5EC0-7B07-4A3A-AC76-4283E86B17D8}.AppStore|iPhoneSimulator.Build.0 = AppStore|iPhoneSimulator
		{762C5EC0-7B07-4A3A-AC76-4283E86B17D8}.AppStore|Mixed Platforms.ActiveCfg = AppStore|iPhone
		{762C5EC0-7B07-4A3A-AC76-4283E86B17D8}.AppStore|Mixed Platforms.Build.0 = AppStore|iPhone
		{762C5EC0-7B07-4A3A-AC76-4283E86B17D8}.AppStore|x86.ActiveCfg = AppStore|iPhone
		{762C5EC0-7B07-4A3A-AC76-4283E86B17D8}.Debug|Any CPU.ActiveCfg = Debug|iPhone
		{762C5EC0-7B07-4A3A-AC76-4283E86B17D8}.Debug|ARM.ActiveCfg = Debug|iPhone
		{762C5EC0-7B07-4A3A-AC76-4283E86B17D8}.Debug|iPhone.ActiveCfg = Debug|iPhone
		{762C5EC0-7B07-4A3A-AC76-4283E86B17D8}.Debug|iPhone.Build.0 = Debug|iPhone
		{762C5EC0-7B07-4A3A-AC76-4283E86B17D8}.Debug|iPhoneSimulator.ActiveCfg = Debug|iPhoneSimulator
		{762C5EC0-7B07-4A3A-AC76-4283E86B17D8}.Debug|iPhoneSimulator.Build.0 = Debug|iPhoneSimulator
		{762C5EC0-7B07-4A3A-AC76-4283E86B17D8}.Debug|Mixed Platforms.ActiveCfg = Debug|iPhone
		{762C5EC0-7B07-4A3A-AC76-4283E86B17D8}.Debug|Mixed Platforms.Build.0 = Debug|iPhone
		{762C5EC0-7B07-4A3A-AC76-4283E86B17D8}.Debug|x86.ActiveCfg = Debug|iPhone
		{762C5EC0-7B07-4A3A-AC76-4283E86B17D8}.Release|Any CPU.ActiveCfg = Release|iPhone
		{762C5EC0-7B07-4A3A-AC76-4283E86B17D8}.Release|ARM.ActiveCfg = Release|iPhone
		{762C5EC0-7B07-4A3A-AC76-4283E86B17D8}.Release|iPhone.ActiveCfg = Release|iPhone
		{762C5EC0-7B07-4A3A-AC76-4283E86B17D8}.Release|iPhone.Build.0 = Release|iPhone
		{762C5EC0-7B07-4A3A-AC76-4283E86B17D8}.Release|iPhoneSimulator.ActiveCfg = Release|iPhoneSimulator
		{762C5EC0-7B07-4A3A-AC76-4283E86B17D8}.Release|iPhoneSimulator.Build.0 = Release|iPhoneSimulator
		{762C5EC0-7B07-4A3A-AC76-4283E86B17D8}.Release|Mixed Platforms.ActiveCfg = Release|iPhone
		{762C5EC0-7B07-4A3A-AC76-4283E86B17D8}.Release|Mixed Platforms.Build.0 = Release|iPhone
		{762C5EC0-7B07-4A3A-AC76-4283E86B17D8}.Release|x86.ActiveCfg = Release|iPhone
		{B05DCDEA-033F-42B7-9A23-BD5A7B7256BF}.Ad-Hoc|Any CPU.ActiveCfg = Release|Any CPU
		{B05DCDEA-033F-42B7-9A23-BD5A7B7256BF}.Ad-Hoc|Any CPU.Build.0 = Release|Any CPU
		{B05DCDEA-033F-42B7-9A23-BD5A7B7256BF}.Ad-Hoc|Any CPU.Deploy.0 = Release|Any CPU
		{B05DCDEA-033F-42B7-9A23-BD5A7B7256BF}.Ad-Hoc|ARM.ActiveCfg = Release|Any CPU
		{B05DCDEA-033F-42B7-9A23-BD5A7B7256BF}.Ad-Hoc|iPhone.ActiveCfg = Release|Any CPU
		{B05DCDEA-033F-42B7-9A23-BD5A7B7256BF}.Ad-Hoc|iPhoneSimulator.ActiveCfg = Release|Any CPU
		{B05DCDEA-033F-42B7-9A23-BD5A7B7256BF}.Ad-Hoc|Mixed Platforms.ActiveCfg = Release|Any CPU
		{B05DCDEA-033F-42B7-9A23-BD5A7B7256BF}.Ad-Hoc|Mixed Platforms.Build.0 = Release|Any CPU
		{B05DCDEA-033F-42B7-9A23-BD5A7B7256BF}.Ad-Hoc|Mixed Platforms.Deploy.0 = Release|Any CPU
		{B05DCDEA-033F-42B7-9A23-BD5A7B7256BF}.Ad-Hoc|x86.ActiveCfg = Release|Any CPU
		{B05DCDEA-033F-42B7-9A23-BD5A7B7256BF}.AppStore|Any CPU.ActiveCfg = Release|Any CPU
		{B05DCDEA-033F-42B7-9A23-BD5A7B7256BF}.AppStore|Any CPU.Build.0 = Release|Any CPU
		{B05DCDEA-033F-42B7-9A23-BD5A7B7256BF}.AppStore|Any CPU.Deploy.0 = Release|Any CPU
		{B05DCDEA-033F-42B7-9A23-BD5A7B7256BF}.AppStore|ARM.ActiveCfg = Release|Any CPU
		{B05DCDEA-033F-42B7-9A23-BD5A7B7256BF}.AppStore|iPhone.ActiveCfg = Release|Any CPU
		{B05DCDEA-033F-42B7-9A23-BD5A7B7256BF}.AppStore|iPhoneSimulator.ActiveCfg = Release|Any CPU
		{B05DCDEA-033F-42B7-9A23-BD5A7B7256BF}.AppStore|Mixed Platforms.ActiveCfg = Release|Any CPU
		{B05DCDEA-033F-42B7-9A23-BD5A7B7256BF}.AppStore|Mixed Platforms.Build.0 = Release|Any CPU
		{B05DCDEA-033F-42B7-9A23-BD5A7B7256BF}.AppStore|Mixed Platforms.Deploy.0 = Release|Any CPU
		{B05DCDEA-033F-42B7-9A23-BD5A7B7256BF}.AppStore|x86.ActiveCfg = Release|Any CPU
		{B05DCDEA-033F-42B7-9A23-BD5A7B7256BF}.Debug|Any CPU.ActiveCfg = Debug|Any CPU
		{B05DCDEA-033F-42B7-9A23-BD5A7B7256BF}.Debug|Any CPU.Build.0 = Debug|Any CPU
		{B05DCDEA-033F-42B7-9A23-BD5A7B7256BF}.Debug|Any CPU.Deploy.0 = Debug|Any CPU
		{B05DCDEA-033F-42B7-9A23-BD5A7B7256BF}.Debug|ARM.ActiveCfg = Debug|Any CPU
		{B05DCDEA-033F-42B7-9A23-BD5A7B7256BF}.Debug|iPhone.ActiveCfg = Debug|Any CPU
		{B05DCDEA-033F-42B7-9A23-BD5A7B7256BF}.Debug|iPhoneSimulator.ActiveCfg = Debug|Any CPU
		{B05DCDEA-033F-42B7-9A23-BD5A7B7256BF}.Debug|Mixed Platforms.ActiveCfg = Debug|Any CPU
		{B05DCDEA-033F-42B7-9A23-BD5A7B7256BF}.Debug|Mixed Platforms.Build.0 = Debug|Any CPU
		{B05DCDEA-033F-42B7-9A23-BD5A7B7256BF}.Debug|Mixed Platforms.Deploy.0 = Debug|Any CPU
		{B05DCDEA-033F-42B7-9A23-BD5A7B7256BF}.Debug|x86.ActiveCfg = Debug|Any CPU
		{B05DCDEA-033F-42B7-9A23-BD5A7B7256BF}.Release|Any CPU.ActiveCfg = Release|Any CPU
		{B05DCDEA-033F-42B7-9A23-BD5A7B7256BF}.Release|Any CPU.Build.0 = Release|Any CPU
		{B05DCDEA-033F-42B7-9A23-BD5A7B7256BF}.Release|Any CPU.Deploy.0 = Release|Any CPU
		{B05DCDEA-033F-42B7-9A23-BD5A7B7256BF}.Release|ARM.ActiveCfg = Release|Any CPU
		{B05DCDEA-033F-42B7-9A23-BD5A7B7256BF}.Release|iPhone.ActiveCfg = Release|Any CPU
		{B05DCDEA-033F-42B7-9A23-BD5A7B7256BF}.Release|iPhoneSimulator.ActiveCfg = Release|Any CPU
		{B05DCDEA-033F-42B7-9A23-BD5A7B7256BF}.Release|Mixed Platforms.ActiveCfg = Release|Any CPU
		{B05DCDEA-033F-42B7-9A23-BD5A7B7256BF}.Release|Mixed Platforms.Build.0 = Release|Any CPU
		{B05DCDEA-033F-42B7-9A23-BD5A7B7256BF}.Release|Mixed Platforms.Deploy.0 = Release|Any CPU
		{B05DCDEA-033F-42B7-9A23-BD5A7B7256BF}.Release|x86.ActiveCfg = Release|Any CPU
		{7BCC2D05-FD1F-4154-8479-8EBA7ACDAE37}.Ad-Hoc|Any CPU.ActiveCfg = Release|Any CPU
		{7BCC2D05-FD1F-4154-8479-8EBA7ACDAE37}.Ad-Hoc|Any CPU.Build.0 = Release|Any CPU
		{7BCC2D05-FD1F-4154-8479-8EBA7ACDAE37}.Ad-Hoc|Any CPU.Deploy.0 = Release|Any CPU
		{7BCC2D05-FD1F-4154-8479-8EBA7ACDAE37}.Ad-Hoc|ARM.ActiveCfg = Release|ARM
		{7BCC2D05-FD1F-4154-8479-8EBA7ACDAE37}.Ad-Hoc|ARM.Build.0 = Release|ARM
		{7BCC2D05-FD1F-4154-8479-8EBA7ACDAE37}.Ad-Hoc|ARM.Deploy.0 = Release|ARM
		{7BCC2D05-FD1F-4154-8479-8EBA7ACDAE37}.Ad-Hoc|iPhone.ActiveCfg = Release|Any CPU
		{7BCC2D05-FD1F-4154-8479-8EBA7ACDAE37}.Ad-Hoc|iPhoneSimulator.ActiveCfg = Release|Any CPU
		{7BCC2D05-FD1F-4154-8479-8EBA7ACDAE37}.Ad-Hoc|Mixed Platforms.ActiveCfg = Release|x86
		{7BCC2D05-FD1F-4154-8479-8EBA7ACDAE37}.Ad-Hoc|Mixed Platforms.Build.0 = Release|x86
		{7BCC2D05-FD1F-4154-8479-8EBA7ACDAE37}.Ad-Hoc|Mixed Platforms.Deploy.0 = Release|x86
		{7BCC2D05-FD1F-4154-8479-8EBA7ACDAE37}.Ad-Hoc|x86.ActiveCfg = Release|x86
		{7BCC2D05-FD1F-4154-8479-8EBA7ACDAE37}.Ad-Hoc|x86.Build.0 = Release|x86
		{7BCC2D05-FD1F-4154-8479-8EBA7ACDAE37}.Ad-Hoc|x86.Deploy.0 = Release|x86
		{7BCC2D05-FD1F-4154-8479-8EBA7ACDAE37}.AppStore|Any CPU.ActiveCfg = Release|Any CPU
		{7BCC2D05-FD1F-4154-8479-8EBA7ACDAE37}.AppStore|Any CPU.Build.0 = Release|Any CPU
		{7BCC2D05-FD1F-4154-8479-8EBA7ACDAE37}.AppStore|Any CPU.Deploy.0 = Release|Any CPU
		{7BCC2D05-FD1F-4154-8479-8EBA7ACDAE37}.AppStore|ARM.ActiveCfg = Release|ARM
		{7BCC2D05-FD1F-4154-8479-8EBA7ACDAE37}.AppStore|ARM.Build.0 = Release|ARM
		{7BCC2D05-FD1F-4154-8479-8EBA7ACDAE37}.AppStore|ARM.Deploy.0 = Release|ARM
		{7BCC2D05-FD1F-4154-8479-8EBA7ACDAE37}.AppStore|iPhone.ActiveCfg = Release|Any CPU
		{7BCC2D05-FD1F-4154-8479-8EBA7ACDAE37}.AppStore|iPhoneSimulator.ActiveCfg = Release|Any CPU
		{7BCC2D05-FD1F-4154-8479-8EBA7ACDAE37}.AppStore|Mixed Platforms.ActiveCfg = Release|x86
		{7BCC2D05-FD1F-4154-8479-8EBA7ACDAE37}.AppStore|Mixed Platforms.Build.0 = Release|x86
		{7BCC2D05-FD1F-4154-8479-8EBA7ACDAE37}.AppStore|Mixed Platforms.Deploy.0 = Release|x86
		{7BCC2D05-FD1F-4154-8479-8EBA7ACDAE37}.AppStore|x86.ActiveCfg = Release|x86
		{7BCC2D05-FD1F-4154-8479-8EBA7ACDAE37}.AppStore|x86.Build.0 = Release|x86
		{7BCC2D05-FD1F-4154-8479-8EBA7ACDAE37}.AppStore|x86.Deploy.0 = Release|x86
		{7BCC2D05-FD1F-4154-8479-8EBA7ACDAE37}.Debug|Any CPU.ActiveCfg = Debug|Any CPU
		{7BCC2D05-FD1F-4154-8479-8EBA7ACDAE37}.Debug|Any CPU.Build.0 = Debug|Any CPU
		{7BCC2D05-FD1F-4154-8479-8EBA7ACDAE37}.Debug|Any CPU.Deploy.0 = Debug|Any CPU
		{7BCC2D05-FD1F-4154-8479-8EBA7ACDAE37}.Debug|ARM.ActiveCfg = Debug|ARM
		{7BCC2D05-FD1F-4154-8479-8EBA7ACDAE37}.Debug|ARM.Build.0 = Debug|ARM
		{7BCC2D05-FD1F-4154-8479-8EBA7ACDAE37}.Debug|ARM.Deploy.0 = Debug|ARM
		{7BCC2D05-FD1F-4154-8479-8EBA7ACDAE37}.Debug|iPhone.ActiveCfg = Debug|Any CPU
		{7BCC2D05-FD1F-4154-8479-8EBA7ACDAE37}.Debug|iPhoneSimulator.ActiveCfg = Debug|Any CPU
		{7BCC2D05-FD1F-4154-8479-8EBA7ACDAE37}.Debug|Mixed Platforms.ActiveCfg = Debug|x86
		{7BCC2D05-FD1F-4154-8479-8EBA7ACDAE37}.Debug|Mixed Platforms.Build.0 = Debug|x86
		{7BCC2D05-FD1F-4154-8479-8EBA7ACDAE37}.Debug|Mixed Platforms.Deploy.0 = Debug|x86
		{7BCC2D05-FD1F-4154-8479-8EBA7ACDAE37}.Debug|x86.ActiveCfg = Debug|x86
		{7BCC2D05-FD1F-4154-8479-8EBA7ACDAE37}.Debug|x86.Build.0 = Debug|x86
		{7BCC2D05-FD1F-4154-8479-8EBA7ACDAE37}.Debug|x86.Deploy.0 = Debug|x86
		{7BCC2D05-FD1F-4154-8479-8EBA7ACDAE37}.Release|Any CPU.ActiveCfg = Release|Any CPU
		{7BCC2D05-FD1F-4154-8479-8EBA7ACDAE37}.Release|Any CPU.Build.0 = Release|Any CPU
		{7BCC2D05-FD1F-4154-8479-8EBA7ACDAE37}.Release|Any CPU.Deploy.0 = Release|Any CPU
		{7BCC2D05-FD1F-4154-8479-8EBA7ACDAE37}.Release|ARM.ActiveCfg = Release|ARM
		{7BCC2D05-FD1F-4154-8479-8EBA7ACDAE37}.Release|ARM.Build.0 = Release|ARM
		{7BCC2D05-FD1F-4154-8479-8EBA7ACDAE37}.Release|ARM.Deploy.0 = Release|ARM
		{7BCC2D05-FD1F-4154-8479-8EBA7ACDAE37}.Release|iPhone.ActiveCfg = Release|Any CPU
		{7BCC2D05-FD1F-4154-8479-8EBA7ACDAE37}.Release|iPhoneSimulator.ActiveCfg = Release|Any CPU
		{7BCC2D05-FD1F-4154-8479-8EBA7ACDAE37}.Release|Mixed Platforms.ActiveCfg = Release|x86
		{7BCC2D05-FD1F-4154-8479-8EBA7ACDAE37}.Release|Mixed Platforms.Build.0 = Release|x86
		{7BCC2D05-FD1F-4154-8479-8EBA7ACDAE37}.Release|Mixed Platforms.Deploy.0 = Release|x86
		{7BCC2D05-FD1F-4154-8479-8EBA7ACDAE37}.Release|x86.ActiveCfg = Release|x86
		{7BCC2D05-FD1F-4154-8479-8EBA7ACDAE37}.Release|x86.Build.0 = Release|x86
		{7BCC2D05-FD1F-4154-8479-8EBA7ACDAE37}.Release|x86.Deploy.0 = Release|x86
	EndGlobalSection
	GlobalSection(SolutionProperties) = preSolution
		HideSolutionNode = FALSE
	EndGlobalSection
EndGlobal
